{
  "name": ".opencode",
  "lockfileVersion": 3,
  "requires": true,
  "packages": {
    "": {
      "dependencies": {
        "@opencode-ai/plugin": "0.0.0-beta-202604012235"
      }
    },
    "node_modules/@opencode-ai/plugin": {
      "version": "0.0.0-beta-202604012235",
      "resolved": "https://registry.npmjs.org/@opencode-ai/plugin/-/plugin-0.0.0-beta-202604012235.tgz",
      "integrity": "sha512-gfQsSmmgA4wIpKY26WfP17BbBJxXzn8+y6miGbtxUL6aHA9XgLPdtqrtSiLjzF92PYXMIBbJgyzsPkgut6M1ug==",
      "license": "MIT",
      "dependencies": {
        "@opencode-ai/sdk": "0.0.0-beta-202604012235",
        "zod": "4.1.8"
      },
      "peerDependencies": {
        "@opentui/core": ">=0.1.95",
        "@opentui/solid": ">=0.1.95"
      },
      "peerDependenciesMeta": {
        "@opentui/core": {
          "optional": true
        },
        "@opentui/solid": {
          "optional": true
        }
      }
    },
    "node_modules/@opencode-ai/sdk": {
      "version": "0.0.0-beta-202604012235",
      "resolved": "https://registry.npmjs.org/@opencode-ai/sdk/-/sdk-0.0.0-beta-202604012235.tgz",
      "integrity": "sha512-QgQGkdQS1sDe3F9ULP9917ZyjteH5BIRTvIgambx9aMRNMNdrEk2xSPh/oc+lQmONglBhO8CnpukQiHwct3Vlw==",
      "license": "MIT"
    },
    "node_modules/zod": {
      "version": "4.1.8",
      "license": "MIT",
      "funding": {
        "url": "https://github.com/sponsors/colinhacks"
      }
    }
  }
}
